
Microsoft Visual Studio Solution File, Format Version 12.00
# Visual Studio 2012
Project("{F184B08F-C81C-45F6-A57F-5ABD9991F28F}") = "TestMultiView.Module", "TestMultiView.Module\TestMultiView.Module.vbproj", "{F622EA3C-2609-4BB3-B589-6B1F2CFBB035}"
EndProject
Project("{F184B08F-C81C-45F6-A57F-5ABD9991F28F}") = "TestMultiView.Module.Win", "TestMultiView.Module.Win\TestMultiView.Module.Win.vbproj", "{36788C8D-058A-4D98-A6B8-9C66647A10A9}"
EndProject
Project("{F184B08F-C81C-45F6-A57F-5ABD9991F28F}") = "TestMultiView.Win", "TestMultiView.Win\TestMultiView.Win.vbproj", "{867DE1D7-518D-4373-A8BB-FCCBD1CB18BC}"
EndProject
Global
	GlobalSection(SolutionConfigurationPlatforms) = preSolution
		Debug|Any CPU = Debug|Any CPU
		EasyTest|Any CPU = EasyTest|Any CPU
		Release|Any CPU = Release|Any CPU
	EndGlobalSection
	GlobalSection(ProjectConfigurationPlatforms) = postSolution
		{F622EA3C-2609-4BB3-B589-6B1F2CFBB035}.Debug|Any CPU.ActiveCfg = Debug|Any CPU
		{F622EA3C-2609-4BB3-B589-6B1F2CFBB035}.Debug|Any CPU.Build.0 = Debug|Any CPU
		{F622EA3C-2609-4BB3-B589-6B1F2CFBB035}.EasyTest|Any CPU.ActiveCfg = EasyTest|Any CPU
		{F622EA3C-2609-4BB3-B589-6B1F2CFBB035}.EasyTest|Any CPU.Build.0 = EasyTest|Any CPU
		{F622EA3C-2609-4BB3-B589-6B1F2CFBB035}.Release|Any CPU.ActiveCfg = Release|Any CPU
		{F622EA3C-2609-4BB3-B589-6B1F2CFBB035}.Release|Any CPU.Build.0 = Release|Any CPU
		{36788C8D-058A-4D98-A6B8-9C66647A10A9}.Debug|Any CPU.ActiveCfg = Debug|Any CPU
		{36788C8D-058A-4D98-A6B8-9C66647A10A9}.Debug|Any CPU.Build.0 = Debug|Any CPU
		{36788C8D-058A-4D98-A6B8-9C66647A10A9}.EasyTest|Any CPU.ActiveCfg = EasyTest|Any CPU
		{36788C8D-058A-4D98-A6B8-9C66647A10A9}.EasyTest|Any CPU.Build.0 = EasyTest|Any CPU
		{36788C8D-058A-4D98-A6B8-9C66647A10A9}.Release|Any CPU.ActiveCfg = Release|Any CPU
		{36788C8D-058A-4D98-A6B8-9C66647A10A9}.Release|Any CPU.Build.0 = Release|Any CPU
		{867DE1D7-518D-4373-A8BB-FCCBD1CB18BC}.Debug|Any CPU.ActiveCfg = Debug|Any CPU
		{867DE1D7-518D-4373-A8BB-FCCBD1CB18BC}.Debug|Any CPU.Build.0 = Debug|Any CPU
		{867DE1D7-518D-4373-A8BB-FCCBD1CB18BC}.EasyTest|Any CPU.ActiveCfg = EasyTest|Any CPU
		{867DE1D7-518D-4373-A8BB-FCCBD1CB18BC}.EasyTest|Any CPU.Build.0 = EasyTest|Any CPU
		{867DE1D7-518D-4373-A8BB-FCCBD1CB18BC}.Release|Any CPU.ActiveCfg = Release|Any CPU
		{867DE1D7-518D-4373-A8BB-FCCBD1CB18BC}.Release|Any CPU.Build.0 = Release|Any CPU
	EndGlobalSection
	GlobalSection(SolutionProperties) = preSolution
		HideSolutionNode = FALSE
	EndGlobalSection
EndGlobal
